
Microsoft Visual Studio Solution File, Format Version 12.00
# Visual Studio Version 16
VisualStudioVersion = 16.0.31205.134
MinimumVisualStudioVersion = 10.0.40219.1
Project("{FAE04EC0-301F-11D3-BF4B-00C04F79EFBC}") = "FinalUseCase_Emp", "FinalUseCase_emp\FinalUseCase_Emp.csproj", "{B2E0393F-3070-4241-957C-4CBD94B49C13}"
EndProject
Global
	GlobalSection(SolutionConfigurationPlatforms) = preSolution
		Debug|Any CPU = Debug|Any CPU
		Release|Any CPU = Release|Any CPU
	EndGlobalSection
	GlobalSection(ProjectConfigurationPlatforms) = postSolution
		{B2E0393F-3070-4241-957C-4CBD94B49C13}.Debug|Any CPU.ActiveCfg = Debug|Any CPU
		{B2E0393F-3070-4241-957C-4CBD94B49C13}.Debug|Any CPU.Build.0 = Debug|Any CPU
		{B2E0393F-3070-4241-957C-4CBD94B49C13}.Release|Any CPU.ActiveCfg = Release|Any CPU
		{B2E0393F-3070-4241-957C-4CBD94B49C13}.Release|Any CPU.Build.0 = Release|Any CPU
	EndGlobalSection
	GlobalSection(SolutionProperties) = preSolution
		HideSolutionNode = FALSE
	EndGlobalSection
	GlobalSection(ExtensibilityGlobals) = postSolution
		SolutionGuid = {468328CA-A50D-4B24-9836-2D9AE7E22D01}
	EndGlobalSection
EndGlobal
